
Microsoft Visual Studio Solution File, Format Version 12.00
# Visual Studio Version 16
VisualStudioVersion = 16.0.32901.82
MinimumVisualStudioVersion = 10.0.40219.1
Project("{FAE04EC0-301F-11D3-BF4B-00C04F79EFBC}") = "testgit", "testgit.csproj", "{DB04B5AB-C06F-46DA-92B1-95D6B0959127}"
EndProject
Global
	GlobalSection(SolutionConfigurationPlatforms) = preSolution
		Debug|Any CPU = Debug|Any CPU
		Release|Any CPU = Release|Any CPU
	EndGlobalSection
	GlobalSection(ProjectConfigurationPlatforms) = postSolution
		{DB04B5AB-C06F-46DA-92B1-95D6B0959127}.Debug|Any CPU.ActiveCfg = Debug|Any CPU
		{DB04B5AB-C06F-46DA-92B1-95D6B0959127}.Debug|Any CPU.Build.0 = Debug|Any CPU
		{DB04B5AB-C06F-46DA-92B1-95D6B0959127}.Release|Any CPU.ActiveCfg = Release|Any CPU
		{DB04B5AB-C06F-46DA-92B1-95D6B0959127}.Release|Any CPU.Build.0 = Release|Any CPU
	EndGlobalSection
	GlobalSection(SolutionProperties) = preSolution
		HideSolutionNode = FALSE
	EndGlobalSection
	GlobalSection(ExtensibilityGlobals) = postSolution
		SolutionGuid = {5BF19909-BAA4-4B5F-8ACD-143296965E3E}
	EndGlobalSection
EndGlobal
